
Microsoft Visual Studio Solution File, Format Version 12.00
# Visual Studio Version 16
VisualStudioVersion = 16.0.31321.278
MinimumVisualStudioVersion = 10.0.40219.1
Project("{FAE04EC0-301F-11D3-BF4B-00C04F79EFBC}") = "WebAPISecured", "WebAPISecured\WebAPISecured.csproj", "{91677979-9160-4F54-9273-5F7B42077D18}"
EndProject
Global
	GlobalSection(SolutionConfigurationPlatforms) = preSolution
		Debug|Any CPU = Debug|Any CPU
		Release|Any CPU = Release|Any CPU
	EndGlobalSection
	GlobalSection(ProjectConfigurationPlatforms) = postSolution
		{91677979-9160-4F54-9273-5F7B42077D18}.Debug|Any CPU.ActiveCfg = Debug|Any CPU
		{91677979-9160-4F54-9273-5F7B42077D18}.Debug|Any CPU.Build.0 = Debug|Any CPU
		{91677979-9160-4F54-9273-5F7B42077D18}.Release|Any CPU.ActiveCfg = Release|Any CPU
		{91677979-9160-4F54-9273-5F7B42077D18}.Release|Any CPU.Build.0 = Release|Any CPU
	EndGlobalSection
	GlobalSection(SolutionProperties) = preSolution
		HideSolutionNode = FALSE
	EndGlobalSection
	GlobalSection(ExtensibilityGlobals) = postSolution
		SolutionGuid = {146C29CA-2EB6-491E-B67A-507B41049920}
	EndGlobalSection
EndGlobal
